
Microsoft Visual Studio Solution File, Format Version 12.00
# Visual Studio Version 16
VisualStudioVersion = 16.0.30517.126
MinimumVisualStudioVersion = 10.0.40219.1
Project("{FAE04EC0-301F-11D3-BF4B-00C04F79EFBC}") = "Project_08", "Project_08\Project_08.csproj", "{E6A9075E-22E5-4C8A-AA38-5E628AC6233D}"
EndProject
Global
	GlobalSection(SolutionConfigurationPlatforms) = preSolution
		Debug|Any CPU = Debug|Any CPU
		Release|Any CPU = Release|Any CPU
	EndGlobalSection
	GlobalSection(ProjectConfigurationPlatforms) = postSolution
		{E6A9075E-22E5-4C8A-AA38-5E628AC6233D}.Debug|Any CPU.ActiveCfg = Debug|Any CPU
		{E6A9075E-22E5-4C8A-AA38-5E628AC6233D}.Debug|Any CPU.Build.0 = Debug|Any CPU
		{E6A9075E-22E5-4C8A-AA38-5E628AC6233D}.Release|Any CPU.ActiveCfg = Release|Any CPU
		{E6A9075E-22E5-4C8A-AA38-5E628AC6233D}.Release|Any CPU.Build.0 = Release|Any CPU
	EndGlobalSection
	GlobalSection(SolutionProperties) = preSolution
		HideSolutionNode = FALSE
	EndGlobalSection
	GlobalSection(ExtensibilityGlobals) = postSolution
		SolutionGuid = {B4741D77-A073-4CAE-BC0B-10FFA05C43FE}
	EndGlobalSection
EndGlobal
