
Microsoft Visual Studio Solution File, Format Version 12.00
# Visual Studio Version 16
VisualStudioVersion = 16.0.30413.136
MinimumVisualStudioVersion = 10.0.40219.1
Project("{FAE04EC0-301F-11D3-BF4B-00C04F79EFBC}") = "Project_10", "Project_10\Project_10.csproj", "{ACD1134A-67D6-4422-A5D1-F03C1B2872CB}"
EndProject
Global
	GlobalSection(SolutionConfigurationPlatforms) = preSolution
		Debug|Any CPU = Debug|Any CPU
		Release|Any CPU = Release|Any CPU
	EndGlobalSection
	GlobalSection(ProjectConfigurationPlatforms) = postSolution
		{ACD1134A-67D6-4422-A5D1-F03C1B2872CB}.Debug|Any CPU.ActiveCfg = Debug|Any CPU
		{ACD1134A-67D6-4422-A5D1-F03C1B2872CB}.Debug|Any CPU.Build.0 = Debug|Any CPU
		{ACD1134A-67D6-4422-A5D1-F03C1B2872CB}.Release|Any CPU.ActiveCfg = Release|Any CPU
		{ACD1134A-67D6-4422-A5D1-F03C1B2872CB}.Release|Any CPU.Build.0 = Release|Any CPU
	EndGlobalSection
	GlobalSection(SolutionProperties) = preSolution
		HideSolutionNode = FALSE
	EndGlobalSection
	GlobalSection(ExtensibilityGlobals) = postSolution
		SolutionGuid = {A7EB996B-7886-4A55-872A-8D72E6F033D2}
	EndGlobalSection
EndGlobal
