
Microsoft Visual Studio Solution File, Format Version 12.00
# Visual Studio Version 16
VisualStudioVersion = 16.0.30907.101
MinimumVisualStudioVersion = 10.0.40219.1
Project("{FAE04EC0-301F-11D3-BF4B-00C04F79EFBC}") = "Project_03", "Project_03\Project_03.csproj", "{7828BC32-4CE5-44FE-88F2-9DF552D848D3}"
EndProject
Global
	GlobalSection(SolutionConfigurationPlatforms) = preSolution
		Debug|Any CPU = Debug|Any CPU
		Release|Any CPU = Release|Any CPU
	EndGlobalSection
	GlobalSection(ProjectConfigurationPlatforms) = postSolution
		{7828BC32-4CE5-44FE-88F2-9DF552D848D3}.Debug|Any CPU.ActiveCfg = Debug|Any CPU
		{7828BC32-4CE5-44FE-88F2-9DF552D848D3}.Debug|Any CPU.Build.0 = Debug|Any CPU
		{7828BC32-4CE5-44FE-88F2-9DF552D848D3}.Release|Any CPU.ActiveCfg = Release|Any CPU
		{7828BC32-4CE5-44FE-88F2-9DF552D848D3}.Release|Any CPU.Build.0 = Release|Any CPU
	EndGlobalSection
	GlobalSection(SolutionProperties) = preSolution
		HideSolutionNode = FALSE
	EndGlobalSection
	GlobalSection(ExtensibilityGlobals) = postSolution
		SolutionGuid = {82DC5F03-D60E-409F-B546-65C555E81D70}
	EndGlobalSection
EndGlobal
