
Microsoft Visual Studio Solution File, Format Version 12.00
# Visual Studio Version 16
VisualStudioVersion = 16.0.30907.101
MinimumVisualStudioVersion = 10.0.40219.1
Project("{FAE04EC0-301F-11D3-BF4B-00C04F79EFBC}") = "Project_01", "Project_01\Project_01.csproj", "{A03F1BAD-7A7E-485A-A2DD-37F6E6FD68F0}"
EndProject
Global
	GlobalSection(SolutionConfigurationPlatforms) = preSolution
		Debug|Any CPU = Debug|Any CPU
		Release|Any CPU = Release|Any CPU
	EndGlobalSection
	GlobalSection(ProjectConfigurationPlatforms) = postSolution
		{A03F1BAD-7A7E-485A-A2DD-37F6E6FD68F0}.Debug|Any CPU.ActiveCfg = Debug|Any CPU
		{A03F1BAD-7A7E-485A-A2DD-37F6E6FD68F0}.Debug|Any CPU.Build.0 = Debug|Any CPU
		{A03F1BAD-7A7E-485A-A2DD-37F6E6FD68F0}.Release|Any CPU.ActiveCfg = Release|Any CPU
		{A03F1BAD-7A7E-485A-A2DD-37F6E6FD68F0}.Release|Any CPU.Build.0 = Release|Any CPU
	EndGlobalSection
	GlobalSection(SolutionProperties) = preSolution
		HideSolutionNode = FALSE
	EndGlobalSection
	GlobalSection(ExtensibilityGlobals) = postSolution
		SolutionGuid = {6599A44F-8DED-474E-A932-CE4F86BBFD93}
	EndGlobalSection
EndGlobal
