
Microsoft Visual Studio Solution File, Format Version 12.00
# Visual Studio Version 16
VisualStudioVersion = 16.0.30413.136
MinimumVisualStudioVersion = 10.0.40219.1
Project("{FAE04EC0-301F-11D3-BF4B-00C04F79EFBC}") = "Project_03", "Project_03\Project_03.csproj", "{9BA12C35-C134-4009-90D5-E9F4CF2865EA}"
EndProject
Global
	GlobalSection(SolutionConfigurationPlatforms) = preSolution
		Debug|Any CPU = Debug|Any CPU
		Release|Any CPU = Release|Any CPU
	EndGlobalSection
	GlobalSection(ProjectConfigurationPlatforms) = postSolution
		{9BA12C35-C134-4009-90D5-E9F4CF2865EA}.Debug|Any CPU.ActiveCfg = Debug|Any CPU
		{9BA12C35-C134-4009-90D5-E9F4CF2865EA}.Debug|Any CPU.Build.0 = Debug|Any CPU
		{9BA12C35-C134-4009-90D5-E9F4CF2865EA}.Release|Any CPU.ActiveCfg = Release|Any CPU
		{9BA12C35-C134-4009-90D5-E9F4CF2865EA}.Release|Any CPU.Build.0 = Release|Any CPU
	EndGlobalSection
	GlobalSection(SolutionProperties) = preSolution
		HideSolutionNode = FALSE
	EndGlobalSection
	GlobalSection(ExtensibilityGlobals) = postSolution
		SolutionGuid = {7E9C902A-567D-485A-8D44-834C864D4C25}
	EndGlobalSection
EndGlobal
